
Microsoft Visual Studio Solution File, Format Version 12.00
# Visual Studio Version 16
VisualStudioVersion = 16.0.29920.165
MinimumVisualStudioVersion = 10.0.40219.1
Project("{FAE04EC0-301F-11D3-BF4B-00C04F79EFBC}") = "DoOdataTest", "DoOdataTest\DoOdataTest.csproj", "{50697F49-0A6E-4110-A0B2-04DB43377D7B}"
EndProject
Global
	GlobalSection(SolutionConfigurationPlatforms) = preSolution
		Debug|Any CPU = Debug|Any CPU
		Release|Any CPU = Release|Any CPU
	EndGlobalSection
	GlobalSection(ProjectConfigurationPlatforms) = postSolution
		{50697F49-0A6E-4110-A0B2-04DB43377D7B}.Debug|Any CPU.ActiveCfg = Debug|Any CPU
		{50697F49-0A6E-4110-A0B2-04DB43377D7B}.Debug|Any CPU.Build.0 = Debug|Any CPU
		{50697F49-0A6E-4110-A0B2-04DB43377D7B}.Release|Any CPU.ActiveCfg = Release|Any CPU
		{50697F49-0A6E-4110-A0B2-04DB43377D7B}.Release|Any CPU.Build.0 = Release|Any CPU
	EndGlobalSection
	GlobalSection(SolutionProperties) = preSolution
		HideSolutionNode = FALSE
	EndGlobalSection
	GlobalSection(ExtensibilityGlobals) = postSolution
		SolutionGuid = {3DB984BD-58C2-4522-98BC-C78EA41D6BD9}
	EndGlobalSection
EndGlobal
